version: 6
environments:
  default:
    channels:
    - url: https://conda.anaconda.org/conda-forge/
    options:
      pypi-prerelease-mode: if-necessary-or-explicit
    packages:
      osx-arm64:
      - conda: https://conda.anaconda.org/conda-forge/osx-arm64/_openmp_mutex-4.5-7_kmp_llvm.conda
      - conda: https://conda.anaconda.org/conda-forge/noarch/ca-certificates-2026.1.4-hbd8a1cb_0.conda
      - conda: https://conda.anaconda.org/conda-forge/osx-arm64/cctools-1030.6.3-llvm21_1_h8e84c17_4.conda
      - conda: https://conda.anaconda.org/conda-forge/osx-arm64/cctools_impl_osx-arm64-1030.6.3-llvm21_1_h7a537a9_4.conda
      - conda: https://conda.anaconda.org/conda-forge/osx-arm64/cctools_osx-arm64-1030.6.3-llvm21_1_h6d92914_4.conda
      - conda: https://conda.anaconda.org/conda-forge/osx-arm64/clang-21-21.1.8-default_hb52604d_3.conda
      - conda: https://conda.anaconda.org/conda-forge/osx-arm64/clang-21.1.8-default_cfg_hb78b91e_3.conda
      - conda: https://conda.anaconda.org/conda-forge/osx-arm64/clang_impl_osx-arm64-21.1.8-default_h17d1ed9_3.conda
      - conda: https://conda.anaconda.org/conda-forge/osx-arm64/clangxx-21.1.8-default_cfg_h76039ee_3.conda
      - conda: https://conda.anaconda.org/conda-forge/osx-arm64/clangxx_impl_osx-arm64-21.1.8-default_h17d1ed9_3.conda
      - conda: https://conda.anaconda.org/conda-forge/osx-arm64/compiler-rt-21.1.8-hce30654_1.conda
      - conda: https://conda.anaconda.org/conda-forge/osx-arm64/compiler-rt21-21.1.8-h855ad52_1.conda
      - conda: https://conda.anaconda.org/conda-forge/noarch/compiler-rt21_osx-arm64-21.1.8-h2514db7_1.conda
      - conda: https://conda.anaconda.org/conda-forge/noarch/compiler-rt_osx-arm64-21.1.8-hce30654_1.conda
      - conda: https://conda.anaconda.org/conda-forge/osx-arm64/conda-gcc-specs-15.2.0-h6cc07cf_18.conda
      - conda: https://conda.anaconda.org/conda-forge/osx-arm64/gcc-15.2.0-h500d687_18.conda
      - conda: https://conda.anaconda.org/conda-forge/osx-arm64/gcc_impl_osx-arm64-15.2.0-h6e619ee_18.conda
      - conda: https://conda.anaconda.org/conda-forge/osx-arm64/gettext-0.25.1-h3dcc1bd_0.conda
      - conda: https://conda.anaconda.org/conda-forge/osx-arm64/gettext-tools-0.25.1-h493aca8_0.conda
      - conda: https://conda.anaconda.org/conda-forge/osx-arm64/gmp-6.3.0-h7bae524_2.conda
      - conda: https://conda.anaconda.org/conda-forge/osx-arm64/icu-78.2-h38cb7af_0.conda
      - conda: https://conda.anaconda.org/conda-forge/osx-arm64/ld64-956.6-llvm21_1_h5d6df6c_4.conda
      - conda: https://conda.anaconda.org/conda-forge/osx-arm64/ld64_osx-arm64-956.6-llvm21_1_h3eeb6b3_4.conda
      - conda: https://conda.anaconda.org/conda-forge/osx-arm64/libasprintf-0.25.1-h493aca8_0.conda
      - conda: https://conda.anaconda.org/conda-forge/osx-arm64/libasprintf-devel-0.25.1-h493aca8_0.conda
      - conda: https://conda.anaconda.org/conda-forge/osx-arm64/libclang-cpp21.1-21.1.8-default_hf3020a7_3.conda
      - conda: https://conda.anaconda.org/conda-forge/osx-arm64/libcompiler-rt-21.1.8-h855ad52_1.conda
      - conda: https://conda.anaconda.org/conda-forge/osx-arm64/libcxx-21.1.8-h55c6f16_2.conda
      - conda: https://conda.anaconda.org/conda-forge/osx-arm64/libcxx-devel-21.1.8-h6dc3340_2.conda
      - conda: https://conda.anaconda.org/conda-forge/noarch/libcxx-headers-21.1.8-h707e725_2.conda
      - conda: https://conda.anaconda.org/conda-forge/osx-arm64/libffi-3.5.2-hcf2aa1b_0.conda
      - conda: https://conda.anaconda.org/conda-forge/osx-arm64/libgcc-15.2.0-hcbb3090_18.conda
      - conda: https://conda.anaconda.org/conda-forge/noarch/libgcc-devel_osx-arm64-15.2.0-hee53e68_118.conda
      - conda: https://conda.anaconda.org/conda-forge/osx-arm64/libgettextpo-0.25.1-h493aca8_0.conda
      - conda: https://conda.anaconda.org/conda-forge/osx-arm64/libgettextpo-devel-0.25.1-h493aca8_0.conda
      - conda: https://conda.anaconda.org/conda-forge/osx-arm64/libiconv-1.18-h23cfdf5_2.conda
      - conda: https://conda.anaconda.org/conda-forge/osx-arm64/libintl-0.25.1-h493aca8_0.conda
      - conda: https://conda.anaconda.org/conda-forge/osx-arm64/libintl-devel-0.25.1-h493aca8_0.conda
      - conda: https://conda.anaconda.org/conda-forge/osx-arm64/libllvm21-21.1.8-h8e0c9ce_0.conda
      - conda: https://conda.anaconda.org/conda-forge/osx-arm64/liblzma-5.8.2-h8088a28_0.conda
      - conda: https://conda.anaconda.org/conda-forge/osx-arm64/libsigtool-0.1.3-h98dc951_0.conda
      - conda: https://conda.anaconda.org/conda-forge/osx-arm64/libxml2-16-2.15.1-h5ef1a60_1.conda
      - conda: https://conda.anaconda.org/conda-forge/osx-arm64/libxml2-2.15.1-h8d039ee_1.conda
      - conda: https://conda.anaconda.org/conda-forge/osx-arm64/libzlib-1.3.1-h8359307_2.conda
      - conda: https://conda.anaconda.org/conda-forge/osx-arm64/llvm-openmp-21.1.8-h4a912ad_0.conda
      - conda: https://conda.anaconda.org/conda-forge/osx-arm64/llvm-tools-21-21.1.8-h91fd4e7_0.conda
      - conda: https://conda.anaconda.org/conda-forge/osx-arm64/llvm-tools-21.1.8-h855ad52_0.conda
      - conda: https://conda.anaconda.org/conda-forge/osx-arm64/make-4.4.1-hc9fafa5_2.conda
      - conda: https://conda.anaconda.org/conda-forge/osx-arm64/ncurses-6.5-h5e97a16_3.conda
      - conda: https://conda.anaconda.org/conda-forge/osx-arm64/openssl-3.6.1-hd24854e_1.conda
      - conda: https://conda.anaconda.org/conda-forge/osx-arm64/readline-8.3-h46df422_0.conda
      - conda: https://conda.anaconda.org/conda-forge/osx-arm64/ruby-3.4.8-hbf9a790_0.conda
      - conda: https://conda.anaconda.org/conda-forge/osx-arm64/sigtool-codesign-0.1.3-h98dc951_0.conda
      - conda: https://conda.anaconda.org/conda-forge/osx-arm64/tapi-1600.0.11.8-h997e182_0.conda
      - conda: https://conda.anaconda.org/conda-forge/osx-arm64/yaml-0.2.5-h925e9cb_3.conda
      - conda: https://conda.anaconda.org/conda-forge/osx-arm64/zstd-1.5.7-hbf9d68e_6.conda
packages:
- conda: https://conda.anaconda.org/conda-forge/osx-arm64/_openmp_mutex-4.5-7_kmp_llvm.conda
  build_number: 7
  sha256: 7acaa2e0782cad032bdaf756b536874346ac1375745fb250e9bdd6a48a7ab3cd
  md5: a44032f282e7d2acdeb1c240308052dd
  depends:
  - llvm-openmp >=9.0.1
  license: BSD-3-Clause
  license_family: BSD
  size: 8325
  timestamp: 1764092507920
- conda: https://conda.anaconda.org/conda-forge/noarch/ca-certificates-2026.1.4-hbd8a1cb_0.conda
  sha256: b5974ec9b50e3c514a382335efa81ed02b05906849827a34061c496f4defa0b2
  md5: bddacf101bb4dd0e51811cb69c7790e2
  depends:
  - __unix
  license: ISC
  size: 146519
  timestamp: 1767500828366
- conda: https://conda.anaconda.org/conda-forge/osx-arm64/cctools-1030.6.3-llvm21_1_h8e84c17_4.conda
  sha256: ef0ae9a81d3b3f12e9202aa2071db9ed4d7085cd776f9a2240540037562f61aa
  md5: 26060540dfefef4519b4765024c85f1f
  depends:
  - cctools_impl_osx-arm64 1030.6.3 llvm21_1_h7a537a9_4
  - ld64 956.6 llvm21_1_h5d6df6c_4
  - libllvm21 >=21.1.8,<21.2.0a0
  license: APSL-2.0
  license_family: Other
  size: 24216
  timestamp: 1768852751117
- conda: https://conda.anaconda.org/conda-forge/osx-arm64/cctools_impl_osx-arm64-1030.6.3-llvm21_1_h7a537a9_4.conda
  sha256: bbf0a9fa548f6fa769e2c18bc4764d91dfd73ed6f54d7a25d423f379e05e3fd0
  md5: 0445bcff81242bc4aba0f016e8488ea8
  depends:
  - __osx >=11.0
  - ld64_osx-arm64 >=956.6,<956.7.0a0
  - libcxx
  - libllvm21 >=21.1.8,<21.2.0a0
  - libzlib >=1.3.1,<2.0a0
  - llvm-tools 21.1.*
  - sigtool-codesign
  constrains:
  - ld64 956.6.*
  - cctools 1030.6.3.*
  - clang 21.1.*
  license: APSL-2.0
  license_family: Other
  size: 749586
  timestamp: 1768852701444
- conda: https://conda.anaconda.org/conda-forge/osx-arm64/cctools_osx-arm64-1030.6.3-llvm21_1_h6d92914_4.conda
  sha256: e0f0c0fbf84403a4b7481a31177c86a9f25a16534e8a90659c33c588ac325885
  md5: f52b882204e714670bdd482a7a7e095a
  depends:
  - cctools_impl_osx-arm64 1030.6.3 llvm21_1_h7a537a9_4
  - ld64_osx-arm64 956.6 llvm21_1_h3eeb6b3_4
  constrains:
  - cctools 1030.6.3.*
  license: APSL-2.0
  license_family: Other
  size: 23244
  timestamp: 1768852757990
- conda: https://conda.anaconda.org/conda-forge/osx-arm64/clang-21.1.8-default_cfg_hb78b91e_3.conda
  sha256: ca10b5ec9383ba5fbf6975164e29aa5c19a71cb54c529b6ffa85d35b71405d62
  md5: ba1b46e347bf3d1b7ebc7c868cc97a0f
  depends:
  - cctools
  - clang-21 21.1.8 default_hb52604d_3
  - clang_impl_osx-arm64 21.1.8 default_h17d1ed9_3
  - ld64
  - ld64_osx-arm64 * llvm21_1_*
  - llvm-openmp >=21.1.8
  - llvm-tools 21.1.8.*
  license: Apache-2.0 WITH LLVM-exception
  license_family: Apache
  size: 28726
  timestamp: 1771032694542
- conda: https://conda.anaconda.org/conda-forge/osx-arm64/clang-21-21.1.8-default_hb52604d_3.conda
  sha256: 9fd339bccb61c64f6ee749ca250aac0d61ce10dd30a375e7dae6316bad73d73a
  md5: d7fbcc456a86362e8cef6de304afbc7d
  depends:
  - __osx >=11.0
  - compiler-rt21 21.1.8.*
  - libclang-cpp21.1 21.1.8 default_hf3020a7_3
  - libcxx >=21.1.8
  - libllvm21 >=21.1.8,<21.2.0a0
  license: Apache-2.0 WITH LLVM-exception
  license_family: Apache
  size: 821146
  timestamp: 1771032446466
- conda: https://conda.anaconda.org/conda-forge/osx-arm64/clang_impl_osx-arm64-21.1.8-default_h17d1ed9_3.conda
  sha256: 4320ddbe588773cc657642413390ff417cd5045f9c555fdadc321ccc6dfd4a56
  md5: 8facfb923623fbd84adf19876c5e89a6
  depends:
  - cctools_impl_osx-arm64
  - clang-21 21.1.8 default_hb52604d_3
  - compiler-rt 21.1.8.*
  - compiler-rt_osx-arm64
  - ld64_osx-arm64 * llvm21_1_*
  license: Apache-2.0 WITH LLVM-exception
  license_family: Apache
  size: 28092
  timestamp: 1771032639945
- conda: https://conda.anaconda.org/conda-forge/osx-arm64/clangxx-21.1.8-default_cfg_h76039ee_3.conda
  sha256: 9fe0926b9aba4afd844b9499af35724b8a82fcf799b5524b1fe1629648c27017
  md5: 1913615953927ded344b2fba513ee7b3
  depends:
  - clang 21.1.8 default_cfg_hb78b91e_3
  - clangxx_impl_osx-arm64 21.1.8 default_h17d1ed9_3
  - libcxx-devel 21.1.*
  license: Apache-2.0 WITH LLVM-exception
  license_family: Apache
  size: 28414
  timestamp: 1771032820877
- conda: https://conda.anaconda.org/conda-forge/osx-arm64/clangxx_impl_osx-arm64-21.1.8-default_h17d1ed9_3.conda
  sha256: f14b585c08afab6ff84cf87f948cfc6c9cbca160985078ca7318489c45b97fec
  md5: fe779c419ec9f6552dd648cde1f63b8a
  depends:
  - clang-21 21.1.8 default_hb52604d_3
  - clang_impl_osx-arm64 21.1.8 default_h17d1ed9_3
  - libcxx-devel 21.1.*
  license: Apache-2.0 WITH LLVM-exception
  license_family: Apache
  size: 28074
  timestamp: 1771032736224
- conda: https://conda.anaconda.org/conda-forge/osx-arm64/compiler-rt-21.1.8-hce30654_1.conda
  sha256: fe04ecafd3b98ae6aa578421210cb702000417d5b439aa3b0f308e6c62fe8524
  md5: 1c93e5525aa31ba2174ac904c7d3524d
  depends:
  - compiler-rt21 21.1.8 h855ad52_1
  - libcompiler-rt 21.1.8 h855ad52_1
  constrains:
  - clang 21.1.8
  license: Apache-2.0 WITH LLVM-exception
  license_family: APACHE
  size: 16447
  timestamp: 1769057561253
- conda: https://conda.anaconda.org/conda-forge/osx-arm64/compiler-rt21-21.1.8-h855ad52_1.conda
  sha256: 1b304f15cf41cb41effa330b9dd9281fb2957b6c7c8748f760e0a342cbe46f51
  md5: ca7ac62edce7238bc8a0f4fe19de463e
  depends:
  - __osx >=11.0
  - compiler-rt21_osx-arm64 21.1.8.*
  license: Apache-2.0 WITH LLVM-exception
  license_family: APACHE
  size: 98804
  timestamp: 1769057558117
- conda: https://conda.anaconda.org/conda-forge/noarch/compiler-rt21_osx-arm64-21.1.8-h2514db7_1.conda
  sha256: fba6feccaf5020df8785d8286f82d1bc8362d70b2826105a35bee30abe57d923
  md5: 3aba69305a33ed11f2378ec6b5bc5bb7
  constrains:
  - compiler-rt >=9.0.1
  license: Apache-2.0 WITH LLVM-exception
  license_family: APACHE
  size: 10878633
  timestamp: 1769057503435
- conda: https://conda.anaconda.org/conda-forge/noarch/compiler-rt_osx-arm64-21.1.8-hce30654_1.conda
  sha256: eb1ecac5cd526ba1cee9d028288d6a5a38dd7486c92b9f71b43b91ae13f0b37e
  md5: 9fb0d36fa934a81ac213eb42011a0e92
  depends:
  - compiler-rt21_osx-arm64 21.1.8 h2514db7_1
  constrains:
  - clang 21.1.8
  license: Apache-2.0 WITH LLVM-exception
  license_family: APACHE
  size: 16533
  timestamp: 1769057560234
- conda: https://conda.anaconda.org/conda-forge/osx-arm64/conda-gcc-specs-15.2.0-h6cc07cf_18.conda
  sha256: 3aaf460a66f2e6c394ad82f39e96f145b5c3c8560f356277e1b215d2224bdc46
  md5: c9e57f47759d4af28ab1fe6ca91be4ba
  depends:
  - gcc_impl_osx-arm64 >=15.2.0,<15.2.1.0a0
  license: GPL-3.0-only WITH GCC-exception-3.1
  license_family: GPL
  size: 142832
  timestamp: 1771379062460
- conda: https://conda.anaconda.org/conda-forge/osx-arm64/gcc-15.2.0-h500d687_18.conda
  sha256: 205be42f28dd57fcf327796a4493105b9deae4777cb389797f5734f66f096c9d
  md5: 5e7c68a3132f2472d061e6ddde836d40
  depends:
  - conda-gcc-specs
  - gcc_impl_osx-arm64 15.2.0 h6e619ee_18
  license: BSD-3-Clause
  license_family: BSD
  size: 140732
  timestamp: 1771379293793
- conda: https://conda.anaconda.org/conda-forge/osx-arm64/gcc_impl_osx-arm64-15.2.0-h6e619ee_18.conda
  sha256: b15a3ff07e5b6c982a07ba860e002aa153decae7d685d5951b7bf0474de4bf61
  md5: 6dc6b958f3357416e756193ada5981b6
  depends:
  - cctools_osx-arm64
  - clang
  - ld64_osx-arm64
  - libgcc >=15.2.0
  - libgcc-devel_osx-arm64 15.2.0 hee53e68_118
  license: GPL-3.0-only WITH GCC-exception-3.1
  license_family: GPL
  size: 48996552
  timestamp: 1771378986142
- conda: https://conda.anaconda.org/conda-forge/osx-arm64/gettext-0.25.1-h3dcc1bd_0.conda
  sha256: 129a81e9da9f60ae6955b49938447e7faeb7e1be815b2db99e76956dddf8c392
  md5: 7059ba83fd98707b2cd9a5f06f589dd4
  depends:
  - __osx >=11.0
  - gettext-tools 0.25.1 h493aca8_0
  - libasprintf 0.25.1 h493aca8_0
  - libasprintf-devel 0.25.1 h493aca8_0
  - libcxx >=18
  - libgettextpo 0.25.1 h493aca8_0
  - libgettextpo-devel 0.25.1 h493aca8_0
  - libiconv >=1.18,<2.0a0
  - libintl 0.25.1 h493aca8_0
  - libintl-devel 0.25.1 h493aca8_0
  license: LGPL-2.1-or-later AND GPL-3.0-or-later
  size: 543276
  timestamp: 1751558682952
- conda: https://conda.anaconda.org/conda-forge/osx-arm64/gettext-tools-0.25.1-h493aca8_0.conda
  sha256: e8dd68706676d5b6f6ee09240936a0ecd1ae12b87dbb37e4c4be263e332ab125
  md5: 817042c017930497931da6aa04a47f09
  depends:
  - __osx >=11.0
  - libiconv >=1.18,<2.0a0
  - libintl 0.25.1 h493aca8_0
  license: GPL-3.0-or-later
  license_family: GPL
  size: 3748044
  timestamp: 1751558602508
- conda: https://conda.anaconda.org/conda-forge/osx-arm64/gmp-6.3.0-h7bae524_2.conda
  sha256: 76e222e072d61c840f64a44e0580c2503562b009090f55aa45053bf1ccb385dd
  md5: eed7278dfbab727b56f2c0b64330814b
  depends:
  - __osx >=11.0
  - libcxx >=16
  license: GPL-2.0-or-later OR LGPL-3.0-or-later
  size: 365188
  timestamp: 1718981343258
- conda: https://conda.anaconda.org/conda-forge/osx-arm64/icu-78.2-h38cb7af_0.conda
  sha256: d4cefbca587429d1192509edc52c88de52bc96c2447771ddc1f8bee928aed5ef
  md5: 1e93aca311da0210e660d2247812fa02
  depends:
  - __osx >=11.0
  license: MIT
  license_family: MIT
  size: 12358010
  timestamp: 1767970350308
- conda: https://conda.anaconda.org/conda-forge/osx-arm64/ld64-956.6-llvm21_1_h5d6df6c_4.conda
  sha256: c5ec315f706223284f72512879d0b8cc3237a66ae6c33c9dccf049f9845ac7c2
  md5: 93e050f17f475f12a43d2b22df2ad4ef
  depends:
  - ld64_osx-arm64 956.6 llvm21_1_h3eeb6b3_4
  - libllvm21 >=21.1.8,<21.2.0a0
  constrains:
  - cctools_osx-arm64 1030.6.3.*
  - cctools 1030.6.3.*
  license: APSL-2.0
  license_family: Other
  size: 21575
  timestamp: 1768852728681
- conda: https://conda.anaconda.org/conda-forge/osx-arm64/ld64_osx-arm64-956.6-llvm21_1_h3eeb6b3_4.conda
  sha256: a533205992009e38849fe35ec1a77be04564f9c1e701251e0881c7e9e8bc0072
  md5: db5a6fafa72f107a2d0e769cb2bdcc16
  depends:
  - __osx >=11.0
  - libcxx
  - libllvm21 >=21.1.8,<21.2.0a0
  - sigtool-codesign
  - tapi >=1600.0.11.8,<1601.0a0
  constrains:
  - ld64 956.6.*
  - cctools 1030.6.3.*
  - cctools_impl_osx-arm64 1030.6.3.*
  - clang 21.1.*
  license: APSL-2.0
  license_family: Other
  size: 1036899
  timestamp: 1768852646600
- conda: https://conda.anaconda.org/conda-forge/osx-arm64/libasprintf-0.25.1-h493aca8_0.conda
  sha256: 7265547424e978ea596f51cc8e7b81638fb1c660b743e98cc4deb690d9d524ab
  md5: 0deb80a2d6097c5fb98b495370b2435b
  depends:
  - __osx >=11.0
  - libcxx >=18
  license: LGPL-2.1-or-later
  size: 52316
  timestamp: 1751558366611
- conda: https://conda.anaconda.org/conda-forge/osx-arm64/libasprintf-devel-0.25.1-h493aca8_0.conda
  sha256: fc76b07620eabde52928c69bcdcb5497da3fdad3331a76f9d4bffeb27e0bdd8f
  md5: c18067d2d5864e77f84456d97c1c17cc
  depends:
  - __osx >=11.0
  - libasprintf 0.25.1 h493aca8_0
  license: LGPL-2.1-or-later
  size: 35256
  timestamp: 1751558418167
- conda: https://conda.anaconda.org/conda-forge/osx-arm64/libclang-cpp21.1-21.1.8-default_hf3020a7_3.conda
  sha256: b066be6d4143df2e7e5e838dd7680e1d4fc39b93ee42085f2ca2d2d9807771fa
  md5: 3c38445dd3648d4905c8bd0d0905ae90
  depends:
  - __osx >=11.0
  - libcxx >=21.1.8
  - libllvm21 >=21.1.8,<21.2.0a0
  license: Apache-2.0 WITH LLVM-exception
  license_family: Apache
  size: 13683674
  timestamp: 1771032261657
- conda: https://conda.anaconda.org/conda-forge/osx-arm64/libcompiler-rt-21.1.8-h855ad52_1.conda
  sha256: a69187930298d4e6a0228587cbd6304d2b938117f969e2307cd33f8b5b920214
  md5: d350ddaae100bd5e4817b6da65d88cda
  depends:
  - __osx >=11.0
  constrains:
  - compiler-rt >=9.0.1
  license: Apache-2.0 WITH LLVM-exception
  license_family: APACHE
  size: 1334740
  timestamp: 1769057541561
- conda: https://conda.anaconda.org/conda-forge/osx-arm64/libcxx-21.1.8-h55c6f16_2.conda
  sha256: 5fbeb2fc2673f0455af6079abf93faaf27f11a92574ad51565fa1ecac9a4e2aa
  md5: 4cb5878bdb9ebfa65b7cdff5445087c5
  depends:
  - __osx >=11.0
  license: Apache-2.0 WITH LLVM-exception
  license_family: Apache
  size: 570068
  timestamp: 1770238262922
- conda: https://conda.anaconda.org/conda-forge/osx-arm64/libcxx-devel-21.1.8-h6dc3340_2.conda
  sha256: 2b0abb8a8b41710cbfa9b126ee14b3c527b018bd6dc217f3cb58fa3804865bf6
  md5: 6c35bf2d72a0849e4915f3a4a4fe48b4
  depends:
  - libcxx >=21.1.8
  - libcxx-headers >=21.1.8,<21.1.9.0a0
  license: Apache-2.0 WITH LLVM-exception
  license_family: Apache
  size: 22061
  timestamp: 1770238366136
- conda: https://conda.anaconda.org/conda-forge/noarch/libcxx-headers-21.1.8-h707e725_2.conda
  sha256: 50884f7d5a0d2f6d11a227b97523889062f53c548f86869fbe6c4ad836fd16eb
  md5: 4826c6a62d0f7a297d5f0da3a5711f35
  depends:
  - __unix
  constrains:
  - libcxx-devel 21.1.8
  license: Apache-2.0 WITH LLVM-exception
  license_family: Apache
  size: 1140574
  timestamp: 1770237007065
- conda: https://conda.anaconda.org/conda-forge/osx-arm64/libffi-3.5.2-hcf2aa1b_0.conda
  sha256: 6686a26466a527585e6a75cc2a242bf4a3d97d6d6c86424a441677917f28bec7
  md5: 43c04d9cb46ef176bb2a4c77e324d599
  depends:
  - __osx >=11.0
  license: MIT
  license_family: MIT
  size: 40979
  timestamp: 1769456747661
- conda: https://conda.anaconda.org/conda-forge/osx-arm64/libgcc-15.2.0-hcbb3090_18.conda
  sha256: 1d9c4f35586adb71bcd23e31b68b7f3e4c4ab89914c26bed5f2859290be5560e
  md5: 92df6107310b1fff92c4cc84f0de247b
  depends:
  - _openmp_mutex
  constrains:
  - libgcc-ng ==15.2.0=*_18
  - libgomp 15.2.0 18
  license: GPL-3.0-only WITH GCC-exception-3.1
  license_family: GPL
  size: 401974
  timestamp: 1771378877463
- conda: https://conda.anaconda.org/conda-forge/noarch/libgcc-devel_osx-arm64-15.2.0-hee53e68_118.conda
  sha256: 3e35b450e8650c190ad3d387e4838d5ba72fe591712f45d303f3a4ca91753d06
  md5: 7b58e183b1178639cebf311767392602
  depends:
  - __unix
  license: GPL-3.0-only WITH GCC-exception-3.1
  license_family: GPL
  size: 2108290
  timestamp: 1771378865622
- conda: https://conda.anaconda.org/conda-forge/osx-arm64/libgettextpo-0.25.1-h493aca8_0.conda
  sha256: 3ba35ff26b3b9573b5df5b9bbec5c61476157ec3a9f12c698e2a9350cd4338fd
  md5: 98acd9989d0d8d5914ccc86dceb6c6c2
  depends:
  - __osx >=11.0
  - libiconv >=1.18,<2.0a0
  - libintl 0.25.1 h493aca8_0
  license: GPL-3.0-or-later
  license_family: GPL
  size: 183091
  timestamp: 1751558452316
- conda: https://conda.anaconda.org/conda-forge/osx-arm64/libgettextpo-devel-0.25.1-h493aca8_0.conda
  sha256: 976941e18f879e5c1e67553f9657f7bb9d3935c89014ebfeafe89dcfba2de9e7
  md5: 91c2fdde1cb4a61b5cb7afa682af359e
  depends:
  - __osx >=11.0
  - libgettextpo 0.25.1 h493aca8_0
  - libiconv >=1.18,<2.0a0
  - libintl 0.25.1 h493aca8_0
  license: GPL-3.0-or-later
  license_family: GPL
  size: 37894
  timestamp: 1751558502415
- conda: https://conda.anaconda.org/conda-forge/osx-arm64/libiconv-1.18-h23cfdf5_2.conda
  sha256: de0336e800b2af9a40bdd694b03870ac4a848161b35c8a2325704f123f185f03
  md5: 4d5a7445f0b25b6a3ddbb56e790f5251
  depends:
  - __osx >=11.0
  license: LGPL-2.1-only
  size: 750379
  timestamp: 1754909073836
- conda: https://conda.anaconda.org/conda-forge/osx-arm64/libintl-0.25.1-h493aca8_0.conda
  sha256: 99d2cebcd8f84961b86784451b010f5f0a795ed1c08f1e7c76fbb3c22abf021a
  md5: 5103f6a6b210a3912faf8d7db516918c
  depends:
  - __osx >=11.0
  - libiconv >=1.18,<2.0a0
  license: LGPL-2.1-or-later
  size: 90957
  timestamp: 1751558394144
- conda: https://conda.anaconda.org/conda-forge/osx-arm64/libintl-devel-0.25.1-h493aca8_0.conda
  sha256: 5a446cb0501d87e0816da0bce524c60a053a4cf23c94dfd3e2b32a8499009e36
  md5: 5f9888e1cdbbbef52c8cf8b567393535
  depends:
  - __osx >=11.0
  - libiconv >=1.18,<2.0a0
  - libintl 0.25.1 h493aca8_0
  license: LGPL-2.1-or-later
  size: 40340
  timestamp: 1751558481257
- conda: https://conda.anaconda.org/conda-forge/osx-arm64/libllvm21-21.1.8-h8e0c9ce_0.conda
  sha256: 3f4512155aca799a25937f9ee794490794fb33f8f90a5e6532d8be869e7d79a0
  md5: 8fc5b2387a7907cd58805668dad3b70f
  depends:
  - __osx >=11.0
  - libcxx >=19
  - libxml2
  - libxml2-16 >=2.14.6
  - libzlib >=1.3.1,<2.0a0
  - zstd >=1.5.7,<1.6.0a0
  license: Apache-2.0 WITH LLVM-exception
  license_family: Apache
  size: 29398498
  timestamp: 1765924904821
- conda: https://conda.anaconda.org/conda-forge/osx-arm64/liblzma-5.8.2-h8088a28_0.conda
  sha256: 7bfc7ffb2d6a9629357a70d4eadeadb6f88fa26ebc28f606b1c1e5e5ed99dc7e
  md5: 009f0d956d7bfb00de86901d16e486c7
  depends:
  - __osx >=11.0
  constrains:
  - xz 5.8.2.*
  license: 0BSD
  size: 92242
  timestamp: 1768752982486
- conda: https://conda.anaconda.org/conda-forge/osx-arm64/libsigtool-0.1.3-h98dc951_0.conda
  sha256: 421f7bd7caaa945d9cd5d374cc3f01e75637ca7372a32d5e7695c825a48a30d1
  md5: c08557d00807785decafb932b5be7ef5
  depends:
  - __osx >=11.0
  - openssl >=3.5.4,<4.0a0
  license: MIT
  license_family: MIT
  size: 36416
  timestamp: 1767045062496
- conda: https://conda.anaconda.org/conda-forge/osx-arm64/libxml2-2.15.1-h8d039ee_1.conda
  sha256: 59f96fa27cce6a9a27414c5bb301eedda1a1b85cd0d8f5d68f77e46b86e7c95f
  md5: fd804ee851e20faca4fecc7df0901d07
  depends:
  - __osx >=11.0
  - icu >=78.1,<79.0a0
  - libiconv >=1.18,<2.0a0
  - liblzma >=5.8.1,<6.0a0
  - libxml2-16 2.15.1 h5ef1a60_1
  - libzlib >=1.3.1,<2.0a0
  license: MIT
  license_family: MIT
  size: 40607
  timestamp: 1766327501392
- conda: https://conda.anaconda.org/conda-forge/osx-arm64/libxml2-16-2.15.1-h5ef1a60_1.conda
  sha256: 2d5ab15113b0ba21f4656d387d26ab59e4fbaf3027f5e58a2a4fe370821eb106
  md5: 7eed1026708e26ee512f43a04d9d0027
  depends:
  - __osx >=11.0
  - icu >=78.1,<79.0a0
  - libiconv >=1.18,<2.0a0
  - liblzma >=5.8.1,<6.0a0
  - libzlib >=1.3.1,<2.0a0
  constrains:
  - libxml2 2.15.1
  license: MIT
  license_family: MIT
  size: 464886
  timestamp: 1766327479416
- conda: https://conda.anaconda.org/conda-forge/osx-arm64/libzlib-1.3.1-h8359307_2.conda
  sha256: ce34669eadaba351cd54910743e6a2261b67009624dbc7daeeafdef93616711b
  md5: 369964e85dc26bfe78f41399b366c435
  depends:
  - __osx >=11.0
  constrains:
  - zlib 1.3.1 *_2
  license: Zlib
  license_family: Other
  size: 46438
  timestamp: 1727963202283
- conda: https://conda.anaconda.org/conda-forge/osx-arm64/llvm-openmp-21.1.8-h4a912ad_0.conda
  sha256: 56bcd20a0a44ddd143b6ce605700fdf876bcf5c509adc50bf27e76673407a070
  md5: 206ad2df1b5550526e386087bef543c7
  depends:
  - __osx >=11.0
  constrains:
  - openmp 21.1.8|21.1.8.*
  - intel-openmp <0.0a0
  license: Apache-2.0 WITH LLVM-exception
  license_family: APACHE
  size: 285974
  timestamp: 1765964756583
- conda: https://conda.anaconda.org/conda-forge/osx-arm64/llvm-tools-21.1.8-h855ad52_0.conda
  sha256: 23f0f093a9eb01d86b31f64f79b366e8dcd81942a70e4bd4cfed1012e6e3a12c
  md5: 64a5f38c196bd81de5892d7f2cc5d32e
  depends:
  - __osx >=11.0
  - libllvm21 21.1.8 h8e0c9ce_0
  - llvm-tools-21 21.1.8 h91fd4e7_0
  constrains:
  - clang       21.1.8
  - llvm        21.1.8
  - llvmdev     21.1.8
  - clang-tools 21.1.8
  license: Apache-2.0 WITH LLVM-exception
  license_family: Apache
  size: 89425
  timestamp: 1765925194786
- conda: https://conda.anaconda.org/conda-forge/osx-arm64/llvm-tools-21-21.1.8-h91fd4e7_0.conda
  sha256: 78fdd7b8733f120bc5b4103e621098db3d4d4cb365ff7d6ed79ef32e7cf7dbc7
  md5: 8690c23d3f93c70e0327b5101f826a15
  depends:
  - __osx >=11.0
  - libcxx >=19
  - libllvm21 21.1.8 h8e0c9ce_0
  - libzlib >=1.3.1,<2.0a0
  - zstd >=1.5.7,<1.6.0a0
  license: Apache-2.0 WITH LLVM-exception
  license_family: Apache
  size: 18261030
  timestamp: 1765925103933
- conda: https://conda.anaconda.org/conda-forge/osx-arm64/make-4.4.1-hc9fafa5_2.conda
  sha256: 90ca65e788406d9029ae23ad4bd944a8b5353ad5f59bd6ce326f980cde46f37e
  md5: 9f44ef1fea0a25d6a3491c58f3af8460
  depends:
  - __osx >=11.0
  license: GPL-3.0-or-later
  license_family: GPL
  size: 274048
  timestamp: 1727801725384
- conda: https://conda.anaconda.org/conda-forge/osx-arm64/ncurses-6.5-h5e97a16_3.conda
  sha256: 2827ada40e8d9ca69a153a45f7fd14f32b2ead7045d3bbb5d10964898fe65733
  md5: 068d497125e4bf8a66bf707254fff5ae
  depends:
  - __osx >=11.0
  license: X11 AND BSD-3-Clause
  size: 797030
  timestamp: 1738196177597
- conda: https://conda.anaconda.org/conda-forge/osx-arm64/openssl-3.6.1-hd24854e_1.conda
  sha256: 361f5c5e60052abc12bdd1b50d7a1a43e6a6653aab99a2263bf2288d709dcf67
  md5: f4f6ad63f98f64191c3e77c5f5f29d76
  depends:
  - __osx >=11.0
  - ca-certificates
  license: Apache-2.0
  license_family: Apache
  size: 3104268
  timestamp: 1769556384749
- conda: https://conda.anaconda.org/conda-forge/osx-arm64/readline-8.3-h46df422_0.conda
  sha256: a77010528efb4b548ac2a4484eaf7e1c3907f2aec86123ed9c5212ae44502477
  md5: f8381319127120ce51e081dce4865cf4
  depends:
  - __osx >=11.0
  - ncurses >=6.5,<7.0a0
  license: GPL-3.0-only
  license_family: GPL
  size: 313930
  timestamp: 1765813902568
- conda: https://conda.anaconda.org/conda-forge/osx-arm64/ruby-3.4.8-hbf9a790_0.conda
  sha256: 20fd2b0749b6ead3ec5509073a9982c5cd34dbb73156673ab604c353e6d7448a
  md5: 97900007571735d71bd949439fd6a493
  depends:
  - __osx >=11.0
  - gettext
  - gmp >=6.3.0,<7.0a0
  - libasprintf >=0.25.1,<1.0a0
  - libffi >=3.5.2,<3.6.0a0
  - libgettextpo >=0.25.1,<1.0a0
  - libintl >=0.25.1,<1.0a0
  - libzlib >=1.3.1,<2.0a0
  - ncurses >=6.5,<7.0a0
  - openssl >=3.5.4,<4.0a0
  - readline >=8.3,<9.0a0
  - yaml >=0.2.5,<0.3.0a0
  constrains:
  - __osx >=11.0
  track_features:
  - rb34
  license: BSD-2-Clause
  license_family: BSD
  size: 11798937
  timestamp: 1765964668469
- conda: https://conda.anaconda.org/conda-forge/osx-arm64/sigtool-codesign-0.1.3-h98dc951_0.conda
  sha256: f3d006e2441f110160a684744d90921bbedbffa247d7599d7e76b5cd048116dc
  md5: ade77ad7513177297b1d75e351e136ce
  depends:
  - __osx >=11.0
  - libsigtool 0.1.3 h98dc951_0
  - openssl >=3.5.4,<4.0a0
  license: MIT
  license_family: MIT
  size: 114331
  timestamp: 1767045086274
- conda: https://conda.anaconda.org/conda-forge/osx-arm64/tapi-1600.0.11.8-h997e182_0.conda
  sha256: dcb678fa77f448fa981bf3783902afe09b8838436f3092e9ecaf6a718c87f642
  md5: 347261d575a245cb6111fb2cb5a79fc7
  depends:
  - libcxx >=19.0.0.a0
  - __osx >=11.0
  - ncurses >=6.5,<7.0a0
  license: NCSA
  size: 199699
  timestamp: 1762535277608
- conda: https://conda.anaconda.org/conda-forge/osx-arm64/yaml-0.2.5-h925e9cb_3.conda
  sha256: b03433b13d89f5567e828ea9f1a7d5c5d697bf374c28a4168d71e9464f5dafac
  md5: 78a0fe9e9c50d2c381e8ee47e3ea437d
  depends:
  - __osx >=11.0
  license: MIT
  license_family: MIT
  size: 83386
  timestamp: 1753484079473
- conda: https://conda.anaconda.org/conda-forge/osx-arm64/zstd-1.5.7-hbf9d68e_6.conda
  sha256: 9485ba49e8f47d2b597dd399e88f4802e100851b27c21d7525625b0b4025a5d9
  md5: ab136e4c34e97f34fb621d2592a393d8
  depends:
  - __osx >=11.0
  - libzlib >=1.3.1,<2.0a0
  license: BSD-3-Clause
  license_family: BSD
  size: 433413
  timestamp: 1764777166076
